
Microsoft Visual Studio Solution File, Format Version 12.00
# Visual Studio Version 17
VisualStudioVersion = 17.11.35312.102
MinimumVisualStudioVersion = 10.0.40219.1
Project("{2150E333-8FDC-42A3-9474-1A3956D46DE8}") = "Task0", "Task0", "{107B242A-E2D6-46C5-A7B8-D4E6095C6554}"
EndProject
Project("{9A19103F-16F7-4668-BE54-9A1E7A4F7556}") = "Tyuiu.SchcapovMA.Sprint6.Task0.V13.Lib", "Tyuiu.SchcapovMA.Sprint6.Task0.V13.Lib\Tyuiu.SchcapovMA.Sprint6.Task0.V13.Lib.csproj", "{C95774F7-5503-4DB0-9C7E-F1D76ABAE25C}"
EndProject
Project("{9A19103F-16F7-4668-BE54-9A1E7A4F7556}") = "Tyuiu.SchcapovMA.Sprint6.Task0.V13.Test", "Tyuiu.SchcapovMA.Sprint6.Task0.V13.Test\Tyuiu.SchcapovMA.Sprint6.Task0.V13.Test.csproj", "{43196800-6191-457F-BE58-3617ACD2FAD7}"
EndProject
Project("{9A19103F-16F7-4668-BE54-9A1E7A4F7556}") = "Tyuiu.SchcapovMA.Sprint6.Task0.V13", "Tyuiu.SchcapovMA.Sprint6.Task0.V13\Tyuiu.SchcapovMA.Sprint6.Task0.V13.csproj", "{99A995C2-CC52-4CD3-8E3F-0C3D8EB7818D}"
EndProject
Project("{2150E333-8FDC-42A3-9474-1A3956D46DE8}") = "Task1", "Task1", "{096BDAE8-6F33-4421-BED7-72C795513BC3}"
EndProject
Project("{9A19103F-16F7-4668-BE54-9A1E7A4F7556}") = "Tyuiu.SchcapovMA.Sprint6.Task1.V26.Lib", "Tyuiu.SchcapovMA.Sprint6.Task1.V26.Lib\Tyuiu.SchcapovMA.Sprint6.Task1.V26.Lib.csproj", "{DAE426D2-D9BA-41C7-AA59-2EDCC26C5CFA}"
EndProject
Project("{9A19103F-16F7-4668-BE54-9A1E7A4F7556}") = "Tyuiu.SchcapovMA.Sprint6.Task1.V26.Test", "Tyuiu.SchcapovMA.Sprint6.Task1.V26.Test\Tyuiu.SchcapovMA.Sprint6.Task1.V26.Test.csproj", "{CD593EE2-40CE-497F-8E55-2E9E6FE33C0D}"
EndProject
Project("{9A19103F-16F7-4668-BE54-9A1E7A4F7556}") = "Tyuiu.SchcapovMA.Sprint6.Task1.V26", "Tyuiu.SchcapovMA.Sprint6.Task1.V26\Tyuiu.SchcapovMA.Sprint6.Task1.V26.csproj", "{BBACE221-3BFE-40B2-9C16-5B4B806DF4AB}"
EndProject
Project("{2150E333-8FDC-42A3-9474-1A3956D46DE8}") = "Task2", "Task2", "{58C9D2F1-E03C-43D3-90D2-1568FC9D098E}"
EndProject
Project("{9A19103F-16F7-4668-BE54-9A1E7A4F7556}") = "Tyuiu.SchcapovMA.Sprint6.Task2.V23.Lib", "Tyuiu.SchcapovMA.Sprint6.Task2.V23.Lib\Tyuiu.SchcapovMA.Sprint6.Task2.V23.Lib.csproj", "{A49A9904-38BD-4158-A695-B4CB931E997D}"
EndProject
Project("{9A19103F-16F7-4668-BE54-9A1E7A4F7556}") = "Tyuiu.SchcapovMA.Sprint6.Task2.V23.Test", "Tyuiu.SchcapovMA.Sprint6.Task2.V23.Test\Tyuiu.SchcapovMA.Sprint6.Task2.V23.Test.csproj", "{A5EBFFA5-19C5-46AB-BA21-317DB6B9B151}"
EndProject
Project("{9A19103F-16F7-4668-BE54-9A1E7A4F7556}") = "Tyuiu.SchcapovMA.Sprint6.Task2.V23", "Tyuiu.SchcapovMA.Sprint6.Task2.V23\Tyuiu.SchcapovMA.Sprint6.Task2.V23.csproj", "{4D6299B1-3F21-49CA-8541-864B340C5AA9}"
EndProject
Project("{2150E333-8FDC-42A3-9474-1A3956D46DE8}") = "Task3", "Task3", "{F71AF109-FC69-4C5C-974F-423C482B1150}"
EndProject
Project("{FAE04EC0-301F-11D3-BF4B-00C04F79EFBC}") = "Tyuiu.SchcapovMA.Sprint6.Task3.V16.Lib", "Tyuiu.SchcapovMA.Sprint6.Task3.V16.Lib\Tyuiu.SchcapovMA.Sprint6.Task3.V16.Lib.csproj", "{FB81B4B0-04F0-411B-B4B2-30B08AB46EC1}"
EndProject
Project("{FAE04EC0-301F-11D3-BF4B-00C04F79EFBC}") = "Tyuiu.SchcapovMA.Sprint6.Task3.V16.Test", "Tyuiu.SchcapovMA.Sprint6.Task3.V16.Test\Tyuiu.SchcapovMA.Sprint6.Task3.V16.Test.csproj", "{3B4A35D9-1ABF-4BC2-8543-BE854F6F897F}"
EndProject
Project("{FAE04EC0-301F-11D3-BF4B-00C04F79EFBC}") = "Tyuiu.SchcapovMA.Sprint6.Task3.V16", "Tyuiu.SchcapovMA.Sprint6.Task3.V16\Tyuiu.SchcapovMA.Sprint6.Task3.V16.csproj", "{620078CC-1CA5-499A-B2C7-78F6A3F39D5A}"
EndProject
Global
	GlobalSection(SolutionConfigurationPlatforms) = preSolution
		Debug|Any CPU = Debug|Any CPU
		Release|Any CPU = Release|Any CPU
	EndGlobalSection
	GlobalSection(ProjectConfigurationPlatforms) = postSolution
		{C95774F7-5503-4DB0-9C7E-F1D76ABAE25C}.Debug|Any CPU.ActiveCfg = Debug|Any CPU
		{C95774F7-5503-4DB0-9C7E-F1D76ABAE25C}.Debug|Any CPU.Build.0 = Debug|Any CPU
		{C95774F7-5503-4DB0-9C7E-F1D76ABAE25C}.Release|Any CPU.ActiveCfg = Release|Any CPU
		{C95774F7-5503-4DB0-9C7E-F1D76ABAE25C}.Release|Any CPU.Build.0 = Release|Any CPU
		{43196800-6191-457F-BE58-3617ACD2FAD7}.Debug|Any CPU.ActiveCfg = Debug|Any CPU
		{43196800-6191-457F-BE58-3617ACD2FAD7}.Debug|Any CPU.Build.0 = Debug|Any CPU
		{43196800-6191-457F-BE58-3617ACD2FAD7}.Release|Any CPU.ActiveCfg = Release|Any CPU
		{43196800-6191-457F-BE58-3617ACD2FAD7}.Release|Any CPU.Build.0 = Release|Any CPU
		{99A995C2-CC52-4CD3-8E3F-0C3D8EB7818D}.Debug|Any CPU.ActiveCfg = Debug|Any CPU
		{99A995C2-CC52-4CD3-8E3F-0C3D8EB7818D}.Debug|Any CPU.Build.0 = Debug|Any CPU
		{99A995C2-CC52-4CD3-8E3F-0C3D8EB7818D}.Release|Any CPU.ActiveCfg = Release|Any CPU
		{99A995C2-CC52-4CD3-8E3F-0C3D8EB7818D}.Release|Any CPU.Build.0 = Release|Any CPU
		{DAE426D2-D9BA-41C7-AA59-2EDCC26C5CFA}.Debug|Any CPU.ActiveCfg = Debug|Any CPU
		{DAE426D2-D9BA-41C7-AA59-2EDCC26C5CFA}.Debug|Any CPU.Build.0 = Debug|Any CPU
		{DAE426D2-D9BA-41C7-AA59-2EDCC26C5CFA}.Release|Any CPU.ActiveCfg = Release|Any CPU
		{DAE426D2-D9BA-41C7-AA59-2EDCC26C5CFA}.Release|Any CPU.Build.0 = Release|Any CPU
		{CD593EE2-40CE-497F-8E55-2E9E6FE33C0D}.Debug|Any CPU.ActiveCfg = Debug|Any CPU
		{CD593EE2-40CE-497F-8E55-2E9E6FE33C0D}.Debug|Any CPU.Build.0 = Debug|Any CPU
		{CD593EE2-40CE-497F-8E55-2E9E6FE33C0D}.Release|Any CPU.ActiveCfg = Release|Any CPU
		{CD593EE2-40CE-497F-8E55-2E9E6FE33C0D}.Release|Any CPU.Build.0 = Release|Any CPU
		{BBACE221-3BFE-40B2-9C16-5B4B806DF4AB}.Debug|Any CPU.ActiveCfg = Debug|Any CPU
		{BBACE221-3BFE-40B2-9C16-5B4B806DF4AB}.Debug|Any CPU.Build.0 = Debug|Any CPU
		{BBACE221-3BFE-40B2-9C16-5B4B806DF4AB}.Release|Any CPU.ActiveCfg = Release|Any CPU
		{BBACE221-3BFE-40B2-9C16-5B4B806DF4AB}.Release|Any CPU.Build.0 = Release|Any CPU
		{A49A9904-38BD-4158-A695-B4CB931E997D}.Debug|Any CPU.ActiveCfg = Debug|Any CPU
		{A49A9904-38BD-4158-A695-B4CB931E997D}.Debug|Any CPU.Build.0 = Debug|Any CPU
		{A49A9904-38BD-4158-A695-B4CB931E997D}.Release|Any CPU.ActiveCfg = Release|Any CPU
		{A49A9904-38BD-4158-A695-B4CB931E997D}.Release|Any CPU.Build.0 = Release|Any CPU
		{A5EBFFA5-19C5-46AB-BA21-317DB6B9B151}.Debug|Any CPU.ActiveCfg = Debug|Any CPU
		{A5EBFFA5-19C5-46AB-BA21-317DB6B9B151}.Debug|Any CPU.Build.0 = Debug|Any CPU
		{A5EBFFA5-19C5-46AB-BA21-317DB6B9B151}.Release|Any CPU.ActiveCfg = Release|Any CPU
		{A5EBFFA5-19C5-46AB-BA21-317DB6B9B151}.Release|Any CPU.Build.0 = Release|Any CPU
		{4D6299B1-3F21-49CA-8541-864B340C5AA9}.Debug|Any CPU.ActiveCfg = Debug|Any CPU
		{4D6299B1-3F21-49CA-8541-864B340C5AA9}.Debug|Any CPU.Build.0 = Debug|Any CPU
		{4D6299B1-3F21-49CA-8541-864B340C5AA9}.Release|Any CPU.ActiveCfg = Release|Any CPU
		{4D6299B1-3F21-49CA-8541-864B340C5AA9}.Release|Any CPU.Build.0 = Release|Any CPU
		{FB81B4B0-04F0-411B-B4B2-30B08AB46EC1}.Debug|Any CPU.ActiveCfg = Debug|Any CPU
		{FB81B4B0-04F0-411B-B4B2-30B08AB46EC1}.Debug|Any CPU.Build.0 = Debug|Any CPU
		{FB81B4B0-04F0-411B-B4B2-30B08AB46EC1}.Release|Any CPU.ActiveCfg = Release|Any CPU
		{FB81B4B0-04F0-411B-B4B2-30B08AB46EC1}.Release|Any CPU.Build.0 = Release|Any CPU
		{3B4A35D9-1ABF-4BC2-8543-BE854F6F897F}.Debug|Any CPU.ActiveCfg = Debug|Any CPU
		{3B4A35D9-1ABF-4BC2-8543-BE854F6F897F}.Debug|Any CPU.Build.0 = Debug|Any CPU
		{3B4A35D9-1ABF-4BC2-8543-BE854F6F897F}.Release|Any CPU.ActiveCfg = Release|Any CPU
		{3B4A35D9-1ABF-4BC2-8543-BE854F6F897F}.Release|Any CPU.Build.0 = Release|Any CPU
		{620078CC-1CA5-499A-B2C7-78F6A3F39D5A}.Debug|Any CPU.ActiveCfg = Debug|Any CPU
		{620078CC-1CA5-499A-B2C7-78F6A3F39D5A}.Debug|Any CPU.Build.0 = Debug|Any CPU
		{620078CC-1CA5-499A-B2C7-78F6A3F39D5A}.Release|Any CPU.ActiveCfg = Release|Any CPU
		{620078CC-1CA5-499A-B2C7-78F6A3F39D5A}.Release|Any CPU.Build.0 = Release|Any CPU
	EndGlobalSection
	GlobalSection(SolutionProperties) = preSolution
		HideSolutionNode = FALSE
	EndGlobalSection
	GlobalSection(NestedProjects) = preSolution
		{C95774F7-5503-4DB0-9C7E-F1D76ABAE25C} = {107B242A-E2D6-46C5-A7B8-D4E6095C6554}
		{43196800-6191-457F-BE58-3617ACD2FAD7} = {107B242A-E2D6-46C5-A7B8-D4E6095C6554}
		{99A995C2-CC52-4CD3-8E3F-0C3D8EB7818D} = {107B242A-E2D6-46C5-A7B8-D4E6095C6554}
		{DAE426D2-D9BA-41C7-AA59-2EDCC26C5CFA} = {096BDAE8-6F33-4421-BED7-72C795513BC3}
		{CD593EE2-40CE-497F-8E55-2E9E6FE33C0D} = {096BDAE8-6F33-4421-BED7-72C795513BC3}
		{BBACE221-3BFE-40B2-9C16-5B4B806DF4AB} = {096BDAE8-6F33-4421-BED7-72C795513BC3}
		{A49A9904-38BD-4158-A695-B4CB931E997D} = {58C9D2F1-E03C-43D3-90D2-1568FC9D098E}
		{A5EBFFA5-19C5-46AB-BA21-317DB6B9B151} = {58C9D2F1-E03C-43D3-90D2-1568FC9D098E}
		{4D6299B1-3F21-49CA-8541-864B340C5AA9} = {58C9D2F1-E03C-43D3-90D2-1568FC9D098E}
		{FB81B4B0-04F0-411B-B4B2-30B08AB46EC1} = {F71AF109-FC69-4C5C-974F-423C482B1150}
		{3B4A35D9-1ABF-4BC2-8543-BE854F6F897F} = {F71AF109-FC69-4C5C-974F-423C482B1150}
		{620078CC-1CA5-499A-B2C7-78F6A3F39D5A} = {F71AF109-FC69-4C5C-974F-423C482B1150}
	EndGlobalSection
	GlobalSection(ExtensibilityGlobals) = postSolution
		SolutionGuid = {3171AE26-0BB9-4743-8635-8A787EACDB1A}
	EndGlobalSection
EndGlobal
